hash: dc160e17c4e94774542958c69c777385562c49d16da58e19e1128a910f1ab4dc
updated: 2017-03-16T10:43:19.138000078+01:00
imports:
- name: github.com/confluentinc/confluent-kafka-go
  version: a9b5c269c66e9a2eb5f195563b2f01e65a84c527
  subpackages:
  - kafka
- name: github.com/go-chef/chef
  version: a27a34ded3f4ab05bc5c4def0f61eb10272cc246
- name: github.com/Sirupsen/logrus
  version: ba1b36c82c5e05c4f912a88eab0dcd91a171688f
- name: github.com/tehmaze/netflow
  version: 3262c0d46619ea505a794c10459d23107dd8b34a
  repo: https://github.com/Bigomby/netflow.git
  subpackages:
  - ipfix
  - netflow1
  - netflow5
  - netflow6
  - netflow7
  - netflow9
  - read
  - session
  - translate
- name: golang.org/x/sys
  version: 99f16d856c9836c42d24e7ab64ea72916925fa97
  subpackages:
  - unix
- name: gopkg.in/yaml.v2
  version: a3f3340b5840cee44f372bddb5880fcbc419b46a
testImports:
- name: github.com/davecgh/go-spew
  version: 6d212800a42e8ab5c146b8ace3490ee17e5225f9
  subpackages:
  - spew
- name: github.com/gopherjs/gopherjs
  version: b9bcb1da229a59cc1e1d168401662cb6450aae08
  subpackages:
  - js
- name: github.com/jtolds/gls
  version: bb0351aa7eb6f322f32667d51375f26a2bca6628
- name: github.com/pmezard/go-difflib
  version: d8ed2627bdf02c080bf22230dbb337003b7aba2d
  subpackages:
  - difflib
- name: github.com/smartystreets/assertions
  version: c9ee7d9e9a2aeec0bee7c4a516f3e0ad7cb7e558
  subpackages:
  - internal/go-render/render
  - internal/oglematchers
- name: github.com/smartystreets/goconvey
  version: d4c757aa9afd1e2fc1832aaab209b5794eb336e1
  subpackages:
  - convey
  - convey/gotest
  - convey/reporting
- name: github.com/stretchr/objx
  version: cbeaeb16a013161a98496fad62933b1d21786672
- name: github.com/stretchr/testify
  version: 69483b4bd14f5845b5a1e55bca19e954e827f1d0
  subpackages:
  - assert
  - mock
